
Microsoft Visual Studio Solution File, Format Version 12.00
# Visual Studio 2013
VisualStudioVersion = 12.0.21005.1
MinimumVisualStudioVersion = 10.0.40219.1
Project("{8BC9CEB8-8B4A-11D0-8D11-00A0C91BC942}") = "2019_11_14", "2019_11_14\2019_11_14.vcxproj", "{C138FB27-8F7A-41F5-B58C-EB827BED4438}"
EndProject
Global
	GlobalSection(SolutionConfigurationPlatforms) = preSolution
		Debug|Win32 = Debug|Win32
		Release|Win32 = Release|Win32
	EndGlobalSection
	GlobalSection(ProjectConfigurationPlatforms) = postSolution
		{C138FB27-8F7A-41F5-B58C-EB827BED4438}.Debug|Win32.ActiveCfg = Debug|Win32
		{C138FB27-8F7A-41F5-B58C-EB827BED4438}.Debug|Win32.Build.0 = Debug|Win32
		{C138FB27-8F7A-41F5-B58C-EB827BED4438}.Release|Win32.ActiveCfg = Release|Win32
		{C138FB27-8F7A-41F5-B58C-EB827BED4438}.Release|Win32.Build.0 = Release|Win32
	EndGlobalSection
	GlobalSection(SolutionProperties) = preSolution
		HideSolutionNode = FALSE
	EndGlobalSection
EndGlobal
